
Microsoft Visual Studio Solution File, Format Version 12.00
# Visual Studio 15
VisualStudioVersion = 15.0.26124.0
MinimumVisualStudioVersion = 15.0.26124.0
Project("{F2A71F9B-5D33-465A-A702-920D77279786}") = "Day2", "Day2\Day2.fsproj", "{8BEE426F-516C-4AC6-80F6-E9FF958EF9CF}"
EndProject
Project("{F2A71F9B-5D33-465A-A702-920D77279786}") = "Day2.Test", "Day2.Test\Day2.Test.fsproj", "{C8F72794-E408-4B3B-A933-C3A7FE73208A}"
EndProject
Global
	GlobalSection(SolutionConfigurationPlatforms) = preSolution
		Debug|Any CPU = Debug|Any CPU
		Debug|x64 = Debug|x64
		Debug|x86 = Debug|x86
		Release|Any CPU = Release|Any CPU
		Release|x64 = Release|x64
		Release|x86 = Release|x86
	EndGlobalSection
	GlobalSection(SolutionProperties) = preSolution
		HideSolutionNode = FALSE
	EndGlobalSection
	GlobalSection(ProjectConfigurationPlatforms) = postSolution
		{8BEE426F-516C-4AC6-80F6-E9FF958EF9CF}.Debug|Any CPU.ActiveCfg = Debug|Any CPU
		{8BEE426F-516C-4AC6-80F6-E9FF958EF9CF}.Debug|Any CPU.Build.0 = Debug|Any CPU
		{8BEE426F-516C-4AC6-80F6-E9FF958EF9CF}.Debug|x64.ActiveCfg = Debug|x64
		{8BEE426F-516C-4AC6-80F6-E9FF958EF9CF}.Debug|x64.Build.0 = Debug|x64
		{8BEE426F-516C-4AC6-80F6-E9FF958EF9CF}.Debug|x86.ActiveCfg = Debug|x86
		{8BEE426F-516C-4AC6-80F6-E9FF958EF9CF}.Debug|x86.Build.0 = Debug|x86
		{8BEE426F-516C-4AC6-80F6-E9FF958EF9CF}.Release|Any CPU.ActiveCfg = Release|Any CPU
		{8BEE426F-516C-4AC6-80F6-E9FF958EF9CF}.Release|Any CPU.Build.0 = Release|Any CPU
		{8BEE426F-516C-4AC6-80F6-E9FF958EF9CF}.Release|x64.ActiveCfg = Release|x64
		{8BEE426F-516C-4AC6-80F6-E9FF958EF9CF}.Release|x64.Build.0 = Release|x64
		{8BEE426F-516C-4AC6-80F6-E9FF958EF9CF}.Release|x86.ActiveCfg = Release|x86
		{8BEE426F-516C-4AC6-80F6-E9FF958EF9CF}.Release|x86.Build.0 = Release|x86
		{C8F72794-E408-4B3B-A933-C3A7FE73208A}.Debug|Any CPU.ActiveCfg = Debug|Any CPU
		{C8F72794-E408-4B3B-A933-C3A7FE73208A}.Debug|Any CPU.Build.0 = Debug|Any CPU
		{C8F72794-E408-4B3B-A933-C3A7FE73208A}.Debug|x64.ActiveCfg = Debug|x64
		{C8F72794-E408-4B3B-A933-C3A7FE73208A}.Debug|x64.Build.0 = Debug|x64
		{C8F72794-E408-4B3B-A933-C3A7FE73208A}.Debug|x86.ActiveCfg = Debug|x86
		{C8F72794-E408-4B3B-A933-C3A7FE73208A}.Debug|x86.Build.0 = Debug|x86
		{C8F72794-E408-4B3B-A933-C3A7FE73208A}.Release|Any CPU.ActiveCfg = Release|Any CPU
		{C8F72794-E408-4B3B-A933-C3A7FE73208A}.Release|Any CPU.Build.0 = Release|Any CPU
		{C8F72794-E408-4B3B-A933-C3A7FE73208A}.Release|x64.ActiveCfg = Release|x64
		{C8F72794-E408-4B3B-A933-C3A7FE73208A}.Release|x64.Build.0 = Release|x64
		{C8F72794-E408-4B3B-A933-C3A7FE73208A}.Release|x86.ActiveCfg = Release|x86
		{C8F72794-E408-4B3B-A933-C3A7FE73208A}.Release|x86.Build.0 = Release|x86
	EndGlobalSection
EndGlobal
